{
  "projects": [
    {
      "projectId": "enk3K4vZ6pmH6kVCoZJXGn",
      "version": "4.23.0",
      "dependencies": {},
      "lang": "ts",
      "fileLocks": [
        {
          "assetId": "enk3K4vZ6pmH6kVCoZJXGn",
          "type": "projectCss",
          "checksum": "46129a8140f7bf604dec903e19777f53"
        }
      ],
      "codegenVersion": "0.0.1"
    },
    {
      "projectId": "3m3vFk1dnCzZnwT8k489Jy",
      "version": "0.3.0",
      "dependencies": {},
      "lang": "ts",
      "fileLocks": [
        {
          "assetId": "3m3vFk1dnCzZnwT8k489Jy",
          "type": "projectCss",
          "checksum": "e1ec850476829c38b0f9b6d4f7ac446a"
        }
      ],
      "codegenVersion": "0.0.1"
    },
    {
      "projectId": "5dGW8Awro3qq8Hh5MveXLP",
      "version": "1.24.0",
      "dependencies": {},
      "lang": "ts",
      "fileLocks": [
        {
          "assetId": "5dGW8Awro3qq8Hh5MveXLP",
          "type": "projectCss",
          "checksum": "208e7308eefeffa5d03c833e22ab6f90"
        }
      ],
      "codegenVersion": "0.0.1"
    },
    {
      "projectId": "kS7YGZfVr6mU43XDQjXELc",
      "version": "0.15.0",
      "dependencies": {},
      "lang": "ts",
      "fileLocks": [
        {
          "assetId": "kS7YGZfVr6mU43XDQjXELc",
          "type": "projectCss",
          "checksum": "e1ec850476829c38b0f9b6d4f7ac446a"
        }
      ],
      "codegenVersion": "0.0.1"
    },
    {
      "projectId": "r3ASNrnyvLLLAtDvzUioQ",
      "version": "4.5.1",
      "dependencies": {},
      "lang": "ts",
      "fileLocks": [
        {
          "assetId": "r3ASNrnyvLLLAtDvzUioQ",
          "type": "projectCss",
          "checksum": "e1ec850476829c38b0f9b6d4f7ac446a"
        }
      ],
      "codegenVersion": "0.0.1"
    },
    {
      "projectId": "szjgMQpPpxhmkjnaBvZQJG",
      "version": "2.25.0",
      "dependencies": {},
      "lang": "ts",
      "fileLocks": [
        {
          "assetId": "szjgMQpPpxhmkjnaBvZQJG",
          "type": "projectCss",
          "checksum": "29b90e78e5c36e5dc978e0c572d9fc75"
        }
      ],
      "codegenVersion": "0.0.1"
    },
    {
      "projectId": "8PtdGodUbexNYgkuyBUcWu",
      "version": "3.24.0",
      "dependencies": {},
      "lang": "ts",
      "fileLocks": [
        {
          "assetId": "8PtdGodUbexNYgkuyBUcWu",
          "type": "projectCss",
          "checksum": "078b5be9aa4a8ea2a39b36c771c25aaa"
        },
        {
          "assetId": "8PtdGodUbexNYgkuyBUcWu",
          "checksum": "34a063f27f0b27a7d1d344bc6b5252c5",
          "type": "globalContexts"
        }
      ],
      "codegenVersion": "0.0.1"
    },
    {
      "projectId": "YUiM7yqBWAqsh8KSnrdj7",
      "version": "0.29.0",
      "dependencies": {},
      "lang": "ts",
      "fileLocks": [
        {
          "assetId": "YUiM7yqBWAqsh8KSnrdj7",
          "type": "projectCss",
          "checksum": "dac72600b04b6e6a3014e82512a15fe1"
        }
      ],
      "codegenVersion": "0.0.1"
    },
    {
      "projectId": "hjKYmYi6HMwK6TRyk7ew5R",
      "version": "6.39.0",
      "dependencies": {},
      "lang": "ts",
      "fileLocks": [
        {
          "assetId": "hjKYmYi6HMwK6TRyk7ew5R",
          "type": "projectCss",
          "checksum": "e76cee85e96cb3fff580d5552a47cfe4"
        },
        {
          "assetId": "hjKYmYi6HMwK6TRyk7ew5R",
          "checksum": "ce1c1c4c2068f2505d175a1b6e17d26a",
          "type": "globalContexts"
        }
      ],
      "codegenVersion": "0.0.1"
    },
    {
      "projectId": "sqPBLwEBBKHA2WDuGb17eV",
      "version": "0.12.0",
      "dependencies": {},
      "lang": "ts",
      "fileLocks": [
        {
          "assetId": "sqPBLwEBBKHA2WDuGb17eV",
          "type": "projectCss",
          "checksum": "e1ec850476829c38b0f9b6d4f7ac446a"
        },
        {
          "type": "renderModule",
          "assetId": "5nirPCGmCnRD",
          "checksum": "027b625f9826288911298f458aaaa080"
        },
        {
          "type": "cssRules",
          "assetId": "5nirPCGmCnRD",
          "checksum": "027b625f9826288911298f458aaaa080"
        },
        {
          "type": "icon",
          "assetId": "Wyt3GMMsLefj",
          "checksum": "d2b1886763aa016780501d0c22f50b5e"
        },
        {
          "type": "icon",
          "assetId": "MbDRsJU0e3bw",
          "checksum": "92672aa6935120ebaac11939d8d127bb"
        }
      ],
      "codegenVersion": "0.0.1"
    },
    {
      "projectId": "9Vr5YWkf3w7jj6SsTcCEta",
      "version": "0.10.0",
      "dependencies": {},
      "lang": "ts",
      "fileLocks": [
        {
          "assetId": "9Vr5YWkf3w7jj6SsTcCEta",
          "type": "projectCss",
          "checksum": "e1ec850476829c38b0f9b6d4f7ac446a"
        }
      ],
      "codegenVersion": "0.0.1"
    },
    {
      "projectId": "jkU633o1Cz7HrJdwdxhVHk",
      "version": "16.10.0",
      "dependencies": {},
      "lang": "ts",
      "fileLocks": [
        {
          "assetId": "jkU633o1Cz7HrJdwdxhVHk",
          "type": "projectCss",
          "checksum": "0581d4378bb1604bb5fe3f65bb0a37de"
        }
      ],
      "codegenVersion": "0.0.1"
    },
    {
      "projectId": "ohDidvG9XsCeFumugENU3J",
      "version": "6.25.0",
      "dependencies": {},
      "lang": "ts",
      "fileLocks": [
        {
          "assetId": "ohDidvG9XsCeFumugENU3J",
          "type": "projectCss",
          "checksum": "fd83b730367fdbde2c69bc6cf31c2a3c"
        },
        {
          "assetId": "ohDidvG9XsCeFumugENU3J",
          "checksum": "de0a0e65174a6a185a8f822af51c6bdd",
          "type": "globalContexts"
        }
      ],
      "codegenVersion": "0.0.1"
    },
    {
      "projectId": "vStZs4oovvtk4EJiDhWZhg",
      "version": "latest",
      "dependencies": {
        "ohDidvG9XsCeFumugENU3J": "6.25.0",
        "jkU633o1Cz7HrJdwdxhVHk": "16.10.0",
        "9Vr5YWkf3w7jj6SsTcCEta": "0.10.0",
        "sqPBLwEBBKHA2WDuGb17eV": "0.12.0",
        "hjKYmYi6HMwK6TRyk7ew5R": "6.39.0",
        "YUiM7yqBWAqsh8KSnrdj7": "0.29.0",
        "8PtdGodUbexNYgkuyBUcWu": "3.24.0",
        "szjgMQpPpxhmkjnaBvZQJG": "2.25.0",
        "r3ASNrnyvLLLAtDvzUioQ": "4.5.1",
        "kS7YGZfVr6mU43XDQjXELc": "0.15.0",
        "5dGW8Awro3qq8Hh5MveXLP": "1.24.0",
        "3m3vFk1dnCzZnwT8k489Jy": "0.3.0",
        "enk3K4vZ6pmH6kVCoZJXGn": "4.23.0"
      },
      "lang": "ts",
      "fileLocks": [
        {
          "type": "globalVariant",
          "assetId": "soBw3nbEIF13",
          "checksum": "f8854795bb81ba2ca32916047dccf178"
        },
        {
          "type": "globalVariant",
          "assetId": "qmJ1BV9pyC4O",
          "checksum": "d7962082eaa93379fda6566f7d29c684"
        },
        {
          "assetId": "vStZs4oovvtk4EJiDhWZhg",
          "type": "projectCss",
          "checksum": "e2f3a09e12ea3ebe1692a3508568c438"
        },
        {
          "assetId": "vStZs4oovvtk4EJiDhWZhg",
          "checksum": "8aeda1bd2bd0ba0688507ff5d3f845ec",
          "type": "globalContexts"
        },
        {
          "type": "renderModule",
          "assetId": "knviSbvzqyHO",
          "checksum": "c80b35c30a5cc665d3c814d8cd594b2d"
        },
        {
          "type": "cssRules",
          "assetId": "knviSbvzqyHO",
          "checksum": "c80b35c30a5cc665d3c814d8cd594b2d"
        },
        {
          "type": "renderModule",
          "assetId": "u4-THcRWcR5h",
          "checksum": "a3b81539abedec289172be09597d03ad"
        },
        {
          "type": "cssRules",
          "assetId": "u4-THcRWcR5h",
          "checksum": "a3b81539abedec289172be09597d03ad"
        },
        {
          "type": "renderModule",
          "assetId": "EU8OeGwuC2qS",
          "checksum": "9ed8e509c4fb22ad3ea7b9157fe92ee2"
        },
        {
          "type": "cssRules",
          "assetId": "EU8OeGwuC2qS",
          "checksum": "9ed8e509c4fb22ad3ea7b9157fe92ee2"
        },
        {
          "type": "icon",
          "assetId": "E_EHgLW19iIV",
          "checksum": "ece14837e22dab304fad04692bb116f1"
        },
        {
          "type": "icon",
          "assetId": "JlaXCfxI3ykL",
          "checksum": "428e7afde00e867bc006f5ff37447aa4"
        },
        {
          "type": "icon",
          "assetId": "XJZuot18auxk",
          "checksum": "3a564e0c17594daf3ce3720822d0d4d1"
        },
        {
          "type": "icon",
          "assetId": "1WziJ61tn8in",
          "checksum": "0ad71c56e8576db745f3df62765a7b1a"
        },
        {
          "type": "icon",
          "assetId": "gA76osxzz15b",
          "checksum": "473c2b11b35d655a41e3fe4707d517c6"
        },
        {
          "type": "icon",
          "assetId": "PpAKhxcYa1Y-",
          "checksum": "c5ad9a57d3196bcdb2914b81bc50b7ca"
        },
        {
          "type": "icon",
          "assetId": "qejXrrKj2Fas",
          "checksum": "9cb0ec64ac24a52bdde10d020f0519bf"
        },
        {
          "type": "icon",
          "assetId": "iMX2BhUp8T4f",
          "checksum": "369209bbd8ce1439cd2a6a441597b5b4"
        },
        {
          "type": "icon",
          "assetId": "9qqTFRQFVZRh",
          "checksum": "67254949b7cb1306cce7ab2573d8dfd2"
        },
        {
          "type": "icon",
          "assetId": "tcIFKMZ8_y_q",
          "checksum": "3be682c1d184df0f7d6af7591ec5fce5"
        },
        {
          "type": "icon",
          "assetId": "_P3OrsYIp2eW",
          "checksum": "470a9e33943383cb905ae8f920c1a161"
        },
        {
          "type": "icon",
          "assetId": "_3Dct0mxDPZF",
          "checksum": "c6c8cdc4e2ced84ef9095d4351c98eb0"
        },
        {
          "type": "icon",
          "assetId": "OsSAIIEvE9rf",
          "checksum": "c05429dbe556df796f6104f2e98512b1"
        },
        {
          "type": "icon",
          "assetId": "jJBl0NbFvBbC",
          "checksum": "fa25fb9ba623c02b88ff74dbe7758f32"
        },
        {
          "type": "icon",
          "assetId": "AQ-NVY3H8dHB",
          "checksum": "0f3eeceef24693efadb76a4d8ee8c3fb"
        },
        {
          "type": "icon",
          "assetId": "IIHfWzxkw95g",
          "checksum": "aef4063b73fcbd912164c713691e3f6a"
        },
        {
          "type": "icon",
          "assetId": "Sm_iaxXgDLbK",
          "checksum": "bac6e3613ba56becb66c134b28af5536"
        },
        {
          "type": "icon",
          "assetId": "RPnA0ySejbc7",
          "checksum": "2529bbf36dff4efd09bf65b7cf484929"
        },
        {
          "type": "icon",
          "assetId": "MNpyKEAuhnIb",
          "checksum": "87066e20975c4302425ace66102c0bbb"
        },
        {
          "type": "icon",
          "assetId": "Rai1yfwRpdnn",
          "checksum": "37b5f96d953f8d231677034f25df68d8"
        },
        {
          "type": "icon",
          "assetId": "lmaM0st-iGqH",
          "checksum": "23405bd2e361ef7f7bd650c0507e9d23"
        },
        {
          "type": "icon",
          "assetId": "6bS5HasH46sS",
          "checksum": "af9b57b26400030c0519bfb827efc899"
        },
        {
          "type": "image",
          "assetId": "d8IO2mqlwSqE",
          "checksum": "b5ee184cf150d7a5b015a8e04bb632c5"
        },
        {
          "type": "image",
          "assetId": "R_Y8cSTIQ2cu",
          "checksum": "3b1f2b0ac02f18338dbe67de20bd52ad"
        },
        {
          "type": "image",
          "assetId": "hKYpBMHO67TK",
          "checksum": "4fcfac5f61a0b0adfec85cf257680ac4"
        },
        {
          "type": "image",
          "assetId": "PMrTU3h_IgjB",
          "checksum": "0a0254769c881eec9265b733d0f2cf41"
        },
        {
          "type": "image",
          "assetId": "TmlDqvC5OdsN",
          "checksum": "546d14fc815713e6a4261c269f09af79"
        },
        {
          "type": "image",
          "assetId": "qTIM6-sr9gnU",
          "checksum": "e5d9a3e09a6a74f8219b8aa9d933f225"
        },
        {
          "type": "image",
          "assetId": "VWepTMCfNwmV",
          "checksum": "1c70a019d341f446f7944919aca9a765"
        },
        {
          "type": "image",
          "assetId": "aZfgC5PJRPWw",
          "checksum": "5d4a23d5264aab0fa96906264cd943bd"
        },
        {
          "type": "image",
          "assetId": "3sLWTBinJPeE",
          "checksum": "0b687c12724c934f29ca1e62c1f49721"
        },
        {
          "type": "image",
          "assetId": "_TsE3yLrEX6E",
          "checksum": "013394436974b43c78cd6c2046012983"
        },
        {
          "type": "image",
          "assetId": "F5uUZg87W8Hp",
          "checksum": "df9e88e8e885156915420f84d435a7f1"
        },
        {
          "type": "image",
          "assetId": "TI7mL4NH3MiP",
          "checksum": "d6ae96e2663abd451e542c1189cd3cd9"
        },
        {
          "type": "image",
          "assetId": "YABVwOp82JLz",
          "checksum": "213dbdc74de61549cf24dd026ec186f4"
        },
        {
          "type": "image",
          "assetId": "VwDsiRAsCevo",
          "checksum": "4f5a2afdb332fd73be0ea03962e2eb10"
        },
        {
          "type": "image",
          "assetId": "_8XefN9eR4No",
          "checksum": "3098955eab274b0338ca908250bed468"
        },
        {
          "type": "image",
          "assetId": "ALW55GqoIb3B",
          "checksum": "9b586aed9143bbcb039228e0ee729e00"
        },
        {
          "type": "image",
          "assetId": "wJBl-IFzI4yB",
          "checksum": "cf7a0a4ec2a87116eb7db512a64dca2e"
        },
        {
          "type": "image",
          "assetId": "0U-PjaYmG4X2",
          "checksum": "2d331a66079419a29a556561b778ff74"
        },
        {
          "type": "image",
          "assetId": "qZszJUy9U3Ed",
          "checksum": "b52de13afecb45f4fcc340c66bfe99d4"
        },
        {
          "type": "image",
          "assetId": "mT2fPr-Y8bgY",
          "checksum": "ea58dec49f7a8553c27fb204fef6ac52"
        },
        {
          "type": "image",
          "assetId": "LAbC1yxfl7O_",
          "checksum": "0dbc351aefe7177a2383716cfe0812e4"
        },
        {
          "type": "image",
          "assetId": "1xbBnvgod3zE",
          "checksum": "a8e4fd450271c74111cc23b3c29df9cd"
        },
        {
          "type": "image",
          "assetId": "I_a-Fcob_QB4",
          "checksum": "1d543c3a54200c8542fe9d51e6d70ae6"
        },
        {
          "type": "image",
          "assetId": "tR05C-vLe_5B",
          "checksum": "3848ded6aab52da1aa7e8b035dd2bc31"
        },
        {
          "type": "image",
          "assetId": "TLHzWBbu898L",
          "checksum": "cedddb9b16f21b767347f45861fefbdc"
        },
        {
          "type": "image",
          "assetId": "jquIXe4JAFIE",
          "checksum": "41c676f3fb95eaa7d27fc7b14c520c1c"
        },
        {
          "type": "image",
          "assetId": "B_0fmOt55MQS",
          "checksum": "310f54cf7375440cc581439f9af20918"
        },
        {
          "type": "image",
          "assetId": "SQCsVRVulIpr",
          "checksum": "b45f585fd20ae9f0b3aab841b0c234cd"
        }
      ],
      "codegenVersion": "0.0.1"
    }
  ],
  "cliVersion": "0.1.331"
}
